
Microsoft Visual Studio Solution File, Format Version 11.00
# Visual Studio 2010
Project("{FAE04EC0-301F-11D3-BF4B-00C04F79EFBC}") = "Interation", "Interation\Interation.csproj", "{6C6417FF-D770-4D62-ACBC-68C489A834F6}"
EndProject
Project("{FAE04EC0-301F-11D3-BF4B-00C04F79EFBC}") = "Interation.Web", "Interation.Web\Interation.Web.csproj", "{1373F0D4-2324-49C0-8075-8C18CD19C9AC}"
EndProject
Project("{FAE04EC0-301F-11D3-BF4B-00C04F79EFBC}") = "Interation.Caching", "Interation.Caching\Interation.Caching.csproj", "{A7E1C87C-A349-4556-8EB6-F3C67011BB56}"
EndProject
Project("{2150E333-8FDC-42A3-9474-1A3956D46DE8}") = "Dependencies", "Dependencies", "{6BC1F587-F201-4986-BE7C-9E3736130E4B}"
	ProjectSection(SolutionItems) = preProject
		Dependencies\antlr.runtime.dll = Dependencies\antlr.runtime.dll
		Dependencies\BeITMemcached.dll = Dependencies\BeITMemcached.dll
		Dependencies\log4net.dll = Dependencies\log4net.dll
		Dependencies\Ninject.dll = Dependencies\Ninject.dll
		Dependencies\nunit.framework.dll = Dependencies\nunit.framework.dll
		Dependencies\StringTemplate.dll = Dependencies\StringTemplate.dll
	EndProjectSection
EndProject
Global
	GlobalSection(SolutionConfigurationPlatforms) = preSolution
		Debug|Any CPU = Debug|Any CPU
		Release|Any CPU = Release|Any CPU
	EndGlobalSection
	GlobalSection(ProjectConfigurationPlatforms) = postSolution
		{6C6417FF-D770-4D62-ACBC-68C489A834F6}.Debug|Any CPU.ActiveCfg = Debug|Any CPU
		{6C6417FF-D770-4D62-ACBC-68C489A834F6}.Debug|Any CPU.Build.0 = Debug|Any CPU
		{6C6417FF-D770-4D62-ACBC-68C489A834F6}.Release|Any CPU.ActiveCfg = Release|Any CPU
		{6C6417FF-D770-4D62-ACBC-68C489A834F6}.Release|Any CPU.Build.0 = Release|Any CPU
		{1373F0D4-2324-49C0-8075-8C18CD19C9AC}.Debug|Any CPU.ActiveCfg = Debug|Any CPU
		{1373F0D4-2324-49C0-8075-8C18CD19C9AC}.Debug|Any CPU.Build.0 = Debug|Any CPU
		{1373F0D4-2324-49C0-8075-8C18CD19C9AC}.Release|Any CPU.ActiveCfg = Release|Any CPU
		{1373F0D4-2324-49C0-8075-8C18CD19C9AC}.Release|Any CPU.Build.0 = Release|Any CPU
		{A7E1C87C-A349-4556-8EB6-F3C67011BB56}.Debug|Any CPU.ActiveCfg = Debug|Any CPU
		{A7E1C87C-A349-4556-8EB6-F3C67011BB56}.Debug|Any CPU.Build.0 = Debug|Any CPU
		{A7E1C87C-A349-4556-8EB6-F3C67011BB56}.Release|Any CPU.ActiveCfg = Release|Any CPU
		{A7E1C87C-A349-4556-8EB6-F3C67011BB56}.Release|Any CPU.Build.0 = Release|Any CPU
	EndGlobalSection
	GlobalSection(SolutionProperties) = preSolution
		HideSolutionNode = FALSE
	EndGlobalSection
EndGlobal
